Microsoft Visual Studio Solution File, Format Version 12.00
# Visual Studio Version 17
VisualStudioVersion = 17.5.2.0
MinimumVisualStudioVersion = 10.0.40219.1
Project("{FAE04EC0-301F-11D3-BF4B-00C04F79EFBC}") = "chapter-01_calculator", "chapter-01_calculator\chapter-01_calculator.csproj", "{6126CFA3-5B26-38D0-1FD6-61B38B3DCE6E}"
EndProject
Global
	GlobalSection(SolutionConfigurationPlatforms) = preSolution
		Debug|Any CPU = Debug|Any CPU
		Release|Any CPU = Release|Any CPU
	EndGlobalSection
	GlobalSection(ProjectConfigurationPlatforms) = postSolution
		{6126CFA3-5B26-38D0-1FD6-61B38B3DCE6E}.Debug|Any CPU.ActiveCfg = Debug|Any CPU
		{6126CFA3-5B26-38D0-1FD6-61B38B3DCE6E}.Debug|Any CPU.Build.0 = Debug|Any CPU
		{6126CFA3-5B26-38D0-1FD6-61B38B3DCE6E}.Release|Any CPU.ActiveCfg = Release|Any CPU
		{6126CFA3-5B26-38D0-1FD6-61B38B3DCE6E}.Release|Any CPU.Build.0 = Release|Any CPU
	EndGlobalSection
	GlobalSection(SolutionProperties) = preSolution
		HideSolutionNode = FALSE
	EndGlobalSection
	GlobalSection(ExtensibilityGlobals) = postSolution
		SolutionGuid = {46C3FA45-861A-4710-A781-A1896126A68C}
	EndGlobalSection
EndGlobal
